
Microsoft Visual Studio Solution File, Format Version 12.00
Project("{FAE04EC0-301F-11D3-BF4B-00C04F79EFBC}") = "MigratedClientServices", "MigratedClientServices\MigratedClientServices.csproj", "{7686A21A-30F5-43E6-9EE7-65D518593B3F}"
EndProject
Global
	GlobalSection(SolutionConfigurationPlatforms) = preSolution
		Debug|Any CPU = Debug|Any CPU
		Release|Any CPU = Release|Any CPU
	EndGlobalSection
	GlobalSection(ProjectConfigurationPlatforms) = postSolution
		{7686A21A-30F5-43E6-9EE7-65D518593B3F}.Debug|Any CPU.ActiveCfg = Debug|Any CPU
		{7686A21A-30F5-43E6-9EE7-65D518593B3F}.Debug|Any CPU.Build.0 = Debug|Any CPU
		{7686A21A-30F5-43E6-9EE7-65D518593B3F}.Release|Any CPU.ActiveCfg = Release|Any CPU
		{7686A21A-30F5-43E6-9EE7-65D518593B3F}.Release|Any CPU.Build.0 = Release|Any CPU
	EndGlobalSection
EndGlobal
